
Microsoft Visual Studio Solution File, Format Version 12.00
# Visual Studio Version 16
VisualStudioVersion = 16.0.29519.87
MinimumVisualStudioVersion = 10.0.40219.1
Project("{FAE04EC0-301F-11D3-BF4B-00C04F79EFBC}") = "WebApplication1", "WebApplication1\WebApplication1.csproj", "{FB73D268-9AF7-441E-9CDB-494E844A39A8}"
EndProject
Project("{FAE04EC0-301F-11D3-BF4B-00C04F79EFBC}") = "UnitTestProject2", "UnitTestProject2\UnitTestProject2.csproj", "{240E7B0F-4353-4222-B416-8370AC6A0DCB}"
EndProject
Global
	GlobalSection(SolutionConfigurationPlatforms) = preSolution
		Debug|Any CPU = Debug|Any CPU
		Release|Any CPU = Release|Any CPU
	EndGlobalSection
	GlobalSection(ProjectConfigurationPlatforms) = postSolution
		{FB73D268-9AF7-441E-9CDB-494E844A39A8}.Debug|Any CPU.ActiveCfg = Debug|Any CPU
		{FB73D268-9AF7-441E-9CDB-494E844A39A8}.Debug|Any CPU.Build.0 = Debug|Any CPU
		{FB73D268-9AF7-441E-9CDB-494E844A39A8}.Release|Any CPU.ActiveCfg = Release|Any CPU
		{FB73D268-9AF7-441E-9CDB-494E844A39A8}.Release|Any CPU.Build.0 = Release|Any CPU
		{240E7B0F-4353-4222-B416-8370AC6A0DCB}.Debug|Any CPU.ActiveCfg = Debug|Any CPU
		{240E7B0F-4353-4222-B416-8370AC6A0DCB}.Debug|Any CPU.Build.0 = Debug|Any CPU
		{240E7B0F-4353-4222-B416-8370AC6A0DCB}.Release|Any CPU.ActiveCfg = Release|Any CPU
		{240E7B0F-4353-4222-B416-8370AC6A0DCB}.Release|Any CPU.Build.0 = Release|Any CPU
	EndGlobalSection
	GlobalSection(SolutionProperties) = preSolution
		HideSolutionNode = FALSE
	EndGlobalSection
	GlobalSection(ExtensibilityGlobals) = postSolution
		SolutionGuid = {3156172E-F625-4CA9-AA16-83C8DB3224DB}
	EndGlobalSection
EndGlobal
